version: 1
checksums:
  1b0d7c9f07dcc31a978bc337763270ea:
    navigation/home: 104a3db3b671c04e167eafbe21e57881
    navigation/about: 8f89131a66d4659be07cd5af2c7ea898
    navigation/contact: 9afa39bc47019ee6dec6c74b6273967c
    navigation/services: 8ea10b45b9abab2a3bfc3c07e1c9cdc6
    forms/title: ac85dea7c7f0bf1cd7d48cc1b4da3acc
    forms/name_label: 03c6ae7996d5841f743cd406b4eff72d
    forms/email_label: 0ee22bbbe989a0c61a18023407d12dc2
    forms/message_label: f2f72126bd244cfc534eab395e054362
    forms/submit_button: 487177489aafc9c0243c57ef3850a2d9
    forms/success_message: a0a7aa980dffa31d4d194af718a917b3
    products/featured_title: 801478e5987430c45f1aa406a9906748
    products/price_label: 6e3258d4cf5835177d174a5259a9cfd6
    products/add_to_cart: c93a29ccf502ff71bf08924dcdea9179
    products/out_of_stock: 6673fc95c2cee3c713e0d60c8184e289
    errors/page_not_found: 97612e6230bc7a1ebd99380bf561b732
    errors/server_error: 297a071d05522f73060503bf8a5e6d2e
    errors/network_error: e0becd5fc88e85a97c6987b96c80fb11
    common/welcome: 1308168cca4fa5d8d7a0cf24e55e93fc
    common/loading: 82b4ea7ed1439094d7c4be13aaba9a66
    common/save: f7a2929f33bc420195e59ac5a8bcd454
    common/cancel: 2e2a849c2223911717de8caa2c71bade
    common/delete: 8bcf303dd10a645b5baacb02b47d72c9
    common/confirm: 6d5cd13628a7887711fd0c29f1123652
  87b1c33c3f85415e0906ece6cfed17c5:
    navigation/home: 104a3db3b671c04e167eafbe21e57881
    navigation/about: 8f89131a66d4659be07cd5af2c7ea898
    navigation/contact: 9afa39bc47019ee6dec6c74b6273967c
    navigation/services: 8ea10b45b9abab2a3bfc3c07e1c9cdc6
    forms/title: ac85dea7c7f0bf1cd7d48cc1b4da3acc
    forms/name_label: 03c6ae7996d5841f743cd406b4eff72d
    forms/email_label: 0ee22bbbe989a0c61a18023407d12dc2
    forms/message_label: f2f72126bd244cfc534eab395e054362
    forms/submit_button: 487177489aafc9c0243c57ef3850a2d9
    forms/success_message: a0a7aa980dffa31d4d194af718a917b3
