version: 1
checksums:
  55dc377b5e931bfc64e4add83e35d9ea:
    Form/title: 3fcb5f081187a2b013d0153cec9f418b
    Form/description: 99738b53a570594d5f7ec7657343dbda
    Form/validation/demo: 43f8c2331330b642d216e67a6a8da499
    Form/validation/requiredFields: b6feefce89f2f09e82bf7f3eb738b4dc
    Form/fields/name/label: ba3094a10db2bb9234cb7e0dc86e40fd
    Form/fields/name/placeholder: 5c927d18c76f612d106a4b69e437f6be
    Form/fields/name/length: 07c963693a5705253362448d86ed200f
    Form/fields/email/label: 0ee22bbbe989a0c61a18023407d12dc2
    Form/fields/email/placeholder: 43f9fd62bbb9fdbffd877bbe1ec215eb
    Form/fields/phone/label: 704845f9e3c7c39379047333e20d2bed
    Form/fields/phone/placeholder: ec6378ba6f5685f870c7076fbb5b7066
    Form/fields/phone/optional: 396fb9a0472daf401c392bdc3e248943
    Form/preferences/title: 859daeb652292c8961960589ea9d95ea
    Form/preferences/weekly: a93f33453657eb746c7ed198d38226f9
    Form/preferences/weeklyDesc: c70b7e63126ac3f7584c9439a7e683fa
    Form/preferences/promotions: 0c09506ed1c97525cbae5c61ce00cfc6
    Form/preferences/updates: 31e099ba18abb0a49f8a75fece1f1791
    Form/preferences/frequency: b14e4bd1cb5ac541a77ecf5de53fcda5
    Form/preferences/daily: 5574eee83ead295147d3a9ae2e62bb8c
    Form/preferences/weeklyFrequency: 9e687411dbf1248496a4ae5dd5391679
    Form/preferences/monthly: 818f1192e32bb855597f930d3e78806e
    Form/privacy: 66fa4db20a64dbb3cbf9f8c49101e9b7
    Form/submit: 28aed7678dc9ae647359c46355aa1de2
    Form/submitting: 6845d212e994f3023c5287bdd3b74875
    Form/security: 3a05fca0b292bf76f51f92a61fb05d50
    Form/success/title: 0413dfa8b534e92c8168494ba54ec6ed
    Form/success/message: 0b4bd1e2611fed477efefe67ca83135b
    Form/success/cta: ce101886d0646ae257ba5d51f1df57e0
    Form/success/home: b45ee867fba0be99c9de94c157a7e441
    Form/stats/errors: cbc9f7b0adbbec86e8e65e90c1618296
    Form/stats/dirty: e606916d46f0279c94d39b6ca8eaaac4
    Form/stats/valid: 4a3ddc0ebe876ff26001201203348d2c
    Validation/name/required: 9cfb07618c3bfb2d8d50f93c983e9ae6
    Validation/name/minLength: 54f756d28a5622089964ca4356694387
    Validation/name/maxLength: db7e006a2f2e0344e754310d7b0cb162
    Validation/email/required: 26c1cc9143c4863de2601fa704aa81e5
    Validation/email/invalid: 8de4bc8832b11b380bc4cbcedc16e48b
    Validation/phone/invalid: e5ba11a59d28d0d7745882ab711dd0a9
    Validation/privacy/required: b81c12ed183e96afeb3c3fbad55688c4
    LocaleSwitcher/label: 277fd1a41cc237a437cd1d5e4a80463b
    LocaleSwitcher/search: edce4bebb4ee4fa7563c8ffd774bb260
    LocaleSwitcher/close: 2c2e22f8424a1031de89063bd0022e16
    LocaleSwitcher/count: 854b8b4ebc5fed364780941bc59895f1
    LocaleSwitcher/noResults: 5f1b3749102d6a3ae86a6e7e6cf563b4
    LocaleSwitcher/tryDifferent: 87132887ef8f4ebb921b7ca2378423e8
    LocaleSwitcher/selectLanguage: d75cf5fbce8a4c7a9055e2210af74480
    LocaleSwitcher/currentLanguage: 7ef90360a02df7bceed7149ab63211d1
    LocaleSwitcher/switchingInfo: 0c06cfa6952a76e9a4edc3b19bf5c2bb
    LocaleSwitcher/shortcut: 6642554033db47229a36e12dc2b0e245
    LocaleSwitcher/languages/en: e1eeeb379f86a015d6e581fcbc4af7f3
    LocaleSwitcher/languages/es: 881640609abd94ca50cbafb21f085042
    LocaleSwitcher/languages/fr: b6c77a4e718a978af58895b27731413c
    LocaleSwitcher/languages/de: 1e23c97d063f7235e94e00517f1786c2
    LocaleSwitcher/languages/ja: 577fd83e8e392bc3b56df14d10463fff
    LocaleSwitcher/languages/zh: ebbe0f0da700961b5687182201cd7429
    LocaleSwitcher/languages/ko: 99d3a279a51280e063545941b380f6a8
    LocaleSwitcher/languages/ar: 43f71a9477c4bb07960bcd606742e94b
    Home/title: 31b73cce0d3cd9812a789e2dcf3358c2
    Home/subtitle: 2f6cf0a07d4a6a896df7c71a0ae246dc
    Home/features/title: 341ff316a339b106a178f0b8d362951b
    Home/features/feature1: 3998f308de260dd7a81cab9c5fe1c85e
    Home/features/feature2: 1c6f5248bf51dd91f2312e9d93503fd8
    Home/features/feature3: 89756d225b905e5cc93fab0946d2bc24
    Home/features/feature4: 3c2caf035316ccc80d805db245ccf110
    Home/validation/demo: fbc52452c50c7bdaaf5c5088e5bb1530
    Home/validation/name/required: 39c9d373c1094710d402a4ca606ddd24
    Home/validation/email/format: ec6b9ec829f7d305ae8357fa0f6e8568
    Home/validation/phone/format: 440bfc7379fd9a31f8e06da3306d604b
    Home/validation/privacy/required: 86fc5c969e78fb4ea43d8ad09e2fef5a
    Home/footer: 3c836903f6d1825df7d5a73371e44089
