version: 1
checksums:
  29ba5363b2b0f1cc53dd4a667d52f86e:
    content/0: bd24fa10e2af7659360cf0a39f8865bd
    content/1: cd96a4b01077d23b6c9b77517175e239
    content/2: 2acf1e217477dafe17423bcbdd123711
    content/3: 7fe22ab520ac8a154a77c3b24efa610e
    content/4: fdb5d914fd53a8502b906bd89fe6f6d1
    content/5: 51adf33450cab2ef392e93147386647c
    content/6: 56ea06288e338a3c329d80a0f845b4a0
    content/7: 8e05ef21751b3f3b7b211fb9545a7f8d
    content/8: 174acfccbcf521ad81019a2cab8c1e93
    content/9: 82c1fde30db2706a19ab2cda52b6144c
    content/10: 51adf33450cab2ef392e93147386647c
    content/11: 9c9e94642807e3728a1791e6cfd7516b
    content/12: c9d9d618181f211ee651e61291d40b4c
    content/13: ca7c2dd535aa43aa1804fdb47c26cf42
    content/14: 51adf33450cab2ef392e93147386647c
    content/15: 8462a747b18279082fe601bc44c41b96
    content/16: f609da95637b703ac3f6fd74dcaf9d08
    content/17: 1004e80e4b9f723cce00a819cdb7a400
    content/18: f3d5c47e7d97d8fd9231bc5785235b9d
    content/19: 51adf33450cab2ef392e93147386647c
    content/20: 6aa11e4bc848e9e1a7da310d66231af7
    content/21: 0e2f86bd2bf33042bba7264583382e9f
    content/22: 755163c96e23f2783dcba2e032349782
    content/23: 094eb1da7320e72d053068bc95c4c420
    content/24: 51adf33450cab2ef392e93147386647c
    content/25: 8300a22f708e047883c0bb5d4c0ec958
    content/26: 32bd0f5e825b9218116afaff7b541d73
    content/27: 83b35025ef8041cd379f0aacc267509f
    content/28: 51adf33450cab2ef392e93147386647c
    content/29: 36ce6db68c7469c9e37576bce32e625d
    content/30: b1f2151026db4c394f773ccea74f04bc
    content/31: 18009ae6d0d819effbfb474b0faac7e4
    content/32: 51adf33450cab2ef392e93147386647c
    content/33: 72b9fd0ce0e4bfc98dfd36fb35238fab
    content/34: 982245493d09b3db1ef60824afa1bbf8
    content/35: 0649cda26da4bb9ce185b9e8dd6ee41e
    content/36: c234c213e540ee3bcffad017c9c9cb75
    content/37: dcd5bc676b9b4956e66fe1045f86a5a0
    content/38: fa2896ac28faaddc29540dba0f2ea7cf
    content/39: c7315dc914f85a8e7be1553e0458fdda
    content/40: a15715eea8694ee737338c021ea79787
    content/41: 3194966101f0d8ea12b02a4dcaa34d0e
    content/42: 38038c4d1efda89e5c1f9d8640c67aef
    content/43: c708ae80a2e8b9752789a68a9bee176d
    content/44: 11f28ceca8ebac9f2469cb627a1a7937
    content/45: acb15cd882a954ec87b446478a0fc54b
    content/46: 96c485d76c0e7f680d657f4e14beab7a
