version: 1
checksums:
  29ba5363b2b0f1cc53dd4a667d52f86e:
    content/0: bd24fa10e2af7659360cf0a39f8865bd
    content/1: fb131682cbca28f8397b55c65c530e03
    content/2: 2ccebf52f104a133d5fa14dd6e33622a
    content/3: 92ebb2ae056df11d8efb537f7bbfa05e
    content/4: 51adf33450cab2ef392e93147386647c
    content/5: d228de24df89c7a535377be5f11f88e7
    content/6: 17e0fac13dac21d4dc6e20ccfcf8da20
    content/7: f932c583732d9a0ed7fe4beb9c33c397
    content/8: 00b37309f6fb7f51cb7e5c4e37eebdc9
    content/9: 4e417388f5066fb4bc8ba7dafd71c077
    content/10: 0d6b88ce1f39a8e745de8f0786d70800
    content/11: c4932fcc444614c5865012a0e317e446
    content/12: b0c5f1e7577f6e0ed7dc80ab77407d86
    content/13: 04b71d3cfcfc1cac6244b787685a802f
    content/14: b37c400e3c05db29770275204aad4cef
    content/15: b900fe65e9cd8a97dc2d6dc7caee7286
