version: 1
checksums:
  424142ee2f7c4f944722042f761b30eb:
    1#00:00:01,000-00:00:03,500: a5c80dbf803374f95af3932e296cd4b2
    2#00:00:04,000-00:00:06,500: 558e1fc168c28e1a65895a48645d1728
    3#00:00:07,000-00:00:09,500: 7c625ef2ede6f669627af7f4bd642400
    4#00:00:10,000-00:00:12,500: 0d857ac5febe27ba00b9d47ff5ae837f
    5#00:00:13,000-00:00:15,500: f77f36c5bf5f87da686cf5bfdcb56fcb
