version: 1
checksums:
  ab6437a18c50af6612bb75499361d64a:
    0#1-3.5#1: a5c80dbf803374f95af3932e296cd4b2
    1#4-7.2#subtitle-2: a275fdf3587995b209b1e47fbb1d221a
    2#8.5-12#3: 0b1726c4b21b73924c0f14f63d12beb4
    3#13-16.5#: 37ba7d57fb849f2534363a33e0e371fc
    4#17-20#final-cue: 2017566cc841dee1c407499a86ffa8e6
