version: 1
checksums:
  829674e11a9003549b66978e9b9c259a:
    children%2F0%2Fchildren%2F0%2Fchildren%2F0%2Fattributes%2Fcontent: 3c9c663aefc6a3a0deb9143c5f63e875
    children%2F1%2Fchildren%2F0%2Fchildren%2F0%2Fattributes%2Fcontent: 6200900316c39566b90ecb90c4875cee
    children%2F1%2Fchildren%2F0%2Fchildren%2F1%2Fchildren%2F0%2Fattributes%2Fcontent: 307099c62b17ca01597fc01c2fa7b9f6
    children%2F1%2Fchildren%2F0%2Fchildren%2F2%2Fattributes%2Fcontent: c5001cc00e81c119fb63701e1fb2e34b
    children%2F2%2Fchildren%2F0%2Fchildren%2F0%2Fchildren%2F0%2Fattributes%2Fcontent: f7dabb975932074a67322d3a302bcd62
    children%2F3%2Fchildren%2F0%2Fchildren%2F0%2Fattributes%2Fcontent: 1f7444492b1434872386d0d93df30e6b
    children%2F4%2Fchildren%2F0%2Fchildren%2F0%2Fattributes%2Fcontent: eb2c6f38871b25e4d568e684a3b466eb
    children%2F5%2Fchildren%2F0%2Fchildren%2F0%2Fchildren%2F0%2Fattributes%2Fcontent: 8b108f174757c1e949b1653798350b22
    children%2F5%2Fchildren%2F1%2Fchildren%2F0%2Fchildren%2F0%2Fattributes%2Fcontent: d4486c5139c70ee9e6e4d7b6133ebdbf
    children%2F5%2Fchildren%2F2%2Fchildren%2F0%2Fchildren%2F0%2Fattributes%2Fcontent: 5477d417cc6430437e0dcafeb125f1f5
    children%2F6%2Fchildren%2F0%2Fchildren%2F0%2Fattributes%2Fcontent: 70aaaea59e0186b1d4e2b175b26e4489
    children%2F7%2Fchildren%2F0%2Fchildren%2F0%2Fattributes%2Fcontent: 247bf52b58e3775c1352d5a01478c4b7
    children%2F8%2Fchildren%2F0%2Fattributes%2Fcontent: eb6dd8ad35dedbd01ffe703826e806b6
    children%2F9%2Fchildren%2F0%2Fchildren%2F0%2Fchildren%2F0%2Fattributes%2Fcontent: 4cd719308ea02472ee291779de1dceb7
    children%2F10%2Fchildren%2F0%2Fchildren%2F0%2Fattributes%2Fcontent: 0aab9164fbab94cfe1ff49927adf284b
    children%2F11%2Fchildren%2F0%2Fchildren%2F0%2Fattributes%2Fcontent: 199d792792b10571684d7793a73b1770
    children%2F11%2Fchildren%2F0%2Fchildren%2F1%2Fchildren%2F0%2Fattributes%2Fcontent: 96dc4e849fe693096da57a0ef4af0c20
    children%2F11%2Fchildren%2F0%2Fchildren%2F2%2Fattributes%2Fcontent: 85187d9f080dfa98ed18f83e2ff12f89
    children%2F12%2Fchildren%2F0%2Fchildren%2F0%2Fchildren%2F0%2Fchildren%2F0%2Fchildren%2F0%2Fchildren%2F0%2Fattributes%2Fcontent: 58f5f3f37862b6312a2f20ec1a1fd0e8
    children%2F12%2Fchildren%2F0%2Fchildren%2F0%2Fchildren%2F0%2Fchildren%2F1%2Fchildren%2F0%2Fchildren%2F0%2Fattributes%2Fcontent: e17686a22ffad04cc7bb70524ed4478b
    children%2F12%2Fchildren%2F0%2Fchildren%2F1%2Fchildren%2F0%2Fchildren%2F0%2Fchildren%2F0%2Fchildren%2F0%2Fattributes%2Fcontent: e65bd67323b805f267405c08e4fc412d
    children%2F12%2Fchildren%2F0%2Fchildren%2F1%2Fchildren%2F0%2Fchildren%2F1%2Fchildren%2F0%2Fchildren%2F0%2Fattributes%2Fcontent: 37db18612515bfac960a8ff75d2b7f88
    children%2F12%2Fchildren%2F0%2Fchildren%2F1%2Fchildren%2F1%2Fchildren%2F0%2Fchildren%2F0%2Fchildren%2F0%2Fattributes%2Fcontent: 2c19dd1c7db0dc632a85ac7d2bf97d1c
    children%2F12%2Fchildren%2F0%2Fchildren%2F1%2Fchildren%2F1%2Fchildren%2F1%2Fchildren%2F0%2Fchildren%2F0%2Fattributes%2Fcontent: f92ac62b428fb140d42fdb1fe8a37440
    children%2F12%2Fchildren%2F0%2Fchildren%2F1%2Fchildren%2F2%2Fchildren%2F0%2Fchildren%2F0%2Fchildren%2F0%2Fattributes%2Fcontent: 5acd88a8968e266d7ab489c4165559ff
    children%2F12%2Fchildren%2F0%2Fchildren%2F1%2Fchildren%2F2%2Fchildren%2F1%2Fchildren%2F0%2Fchildren%2F0%2Fattributes%2Fcontent: 0e24d5f86f9562087f28462ed1d6335e
    children%2F13%2Fchildren%2F0%2Fchildren%2F0%2Fattributes%2Fcontent: 95e1df1ac2472f4bd3275ab40bd6f48f
    children%2F14%2Fchildren%2F0%2Fchildren%2F0%2Fattributes%2Fcontent: 2e2fff09ed0f5e998d7cad7b9afb3f04
    children%2F15%2Fchildren%2F0%2Fchildren%2F0%2Fchildren%2F1%2Fattributes%2Fcontent: d315aba78851560d218df4dc8f59c9c4
    children%2F15%2Fchildren%2F1%2Fchildren%2F0%2Fchildren%2F1%2Fattributes%2Fcontent: 291120cc11ec7e0b67c42494125acc35
    children%2F15%2Fchildren%2F2%2Fchildren%2F0%2Fchildren%2F1%2Fattributes%2Fcontent: 6f6a03ee3e50cf35061845153e6b743e
    children%2F15%2Fchildren%2F2%2Fchildren%2F0%2Fchildren%2F3%2Fattributes%2Fcontent: bbe75b721ebc03ef335f8032b77ce1d6
    children%2F16%2Fchildren%2F0%2Fchildren%2F0%2Fattributes%2Fcontent: 18c7b6c73b00e8ed4ed28fdb470f67ae
    children%2F17%2Fchildren%2F0%2Fchildren%2F0%2Fattributes%2Fcontent: 835e902d0d09182c8777b0fb0efb5fd6
    children%2F18%2Fchildren%2F0%2Fattributes%2Fcontent: 3ef105d70b0893adac6bc5d3fd4538b6
    children%2F19%2Fchildren%2F0%2Fchildren%2F0%2Fchildren%2F0%2Fattributes%2Fcontent: 984a8d253d3dae1e78effaa1233d36c0
    children%2F20%2Fchildren%2F0%2Fchildren%2F0%2Fattributes%2Fcontent: 2dad3ca3de833b71cf1c7a6e086a5810
    children%2F21%2Fchildren%2F0%2Fchildren%2F0%2Fattributes%2Fcontent: 17df52e25b7c0815459633a808326238
    children%2F21%2Fchildren%2F0%2Fchildren%2F2%2Fattributes%2Fcontent: ef2aab84134199ac662240a5172e53d6
    children%2F22%2Fchildren%2F0%2Fattributes%2Fcontent: 2912f04ab42d6150182d04ccff06bd3c
    children%2F23%2Fchildren%2F0%2Fchildren%2F0%2Fattributes%2Fcontent: 1dab229a2b3f0da675539c07af55e0ef
    children%2F24%2Fchildren%2F0%2Fchildren%2F0%2Fattributes%2Fcontent: 8bd66294d96513fa941b3e11e0b34306
    children%2F25%2Fchildren%2F0%2Fchildren%2F0%2Fchildren%2F0%2Fchildren%2F0%2Fchildren%2F0%2Fattributes%2Fcontent: 7f9db2455b10a118ac03dc42256390e4
    children%2F25%2Fchildren%2F0%2Fchildren%2F0%2Fchildren%2F0%2Fchildren%2F1%2Fattributes%2Fcontent: f5631e68546592389b5a14aca7b83010
    children%2F25%2Fchildren%2F0%2Fchildren%2F1%2Fchildren%2F0%2Fchildren%2F0%2Fchildren%2F0%2Fattributes%2Fcontent: a03129a6600493c41caa020749d69bad
    children%2F25%2Fchildren%2F0%2Fchildren%2F1%2Fchildren%2F0%2Fchildren%2F1%2Fattributes%2Fcontent: 1b05951f2444e07578b7d1cacf1bca00
    children%2F25%2Fchildren%2F0%2Fchildren%2F2%2Fchildren%2F0%2Fchildren%2F0%2Fchildren%2F0%2Fattributes%2Fcontent: 42c421ca8ac4c1d782a12eb8069ecbfa
    children%2F25%2Fchildren%2F0%2Fchildren%2F2%2Fchildren%2F0%2Fchildren%2F1%2Fattributes%2Fcontent: 14689755032956032194319c7befd5bb
    children%2F25%2Fchildren%2F0%2Fchildren%2F3%2Fchildren%2F0%2Fchildren%2F0%2Fchildren%2F0%2Fattributes%2Fcontent: ed1380d74c965062bc2a72868dc1e672
    children%2F25%2Fchildren%2F0%2Fchildren%2F3%2Fchildren%2F0%2Fchildren%2F1%2Fattributes%2Fcontent: b3859d5be95b77147d0f77e1cbb9b559
    children%2F26%2Fchildren%2F0%2Fchildren%2F0%2Fattributes%2Fcontent: 40f60db6e03cf2c0fb3adfff3783b958
    children%2F27%2Fchildren%2F0%2Fchildren%2F0%2Fchildren%2F0%2Fchildren%2F0%2Fattributes%2Fcontent: f49887156ccd6c30a0ea10b67469d6c0
    children%2F27%2Fchildren%2F1%2Fchildren%2F0%2Fchildren%2F0%2Fchildren%2F0%2Fattributes%2Fcontent: a47596867eab4629109f5d54a5a29f98
    children%2F27%2Fchildren%2F2%2Fchildren%2F0%2Fchildren%2F0%2Fchildren%2F0%2Fattributes%2Fcontent: 95ed79a52d9e1c456651bd07965ac07c
    children%2F28%2Fchildren%2F0%2Fchildren%2F0%2Fattributes%2Fcontent: 6ac3805eb202cc0ba10ad61dc1ada045
    children%2F29%2Fchildren%2F0%2Fchildren%2F0%2Fchildren%2F0%2Fchildren%2F0%2Fattributes%2Fcontent: c7ce9f1edcb0c98f0bfcbdad70aee2f1
    children%2F29%2Fchildren%2F0%2Fchildren%2F0%2Fchildren%2F0%2Fchildren%2F2%2Fattributes%2Fcontent: 5d12ca73c5c5bf23a2bc5b09cb890d9f
    children%2F29%2Fchildren%2F1%2Fchildren%2F0%2Fchildren%2F0%2Fchildren%2F0%2Fattributes%2Fcontent: 8f381fcfafabbddafae40bbbb9b4ff4b
    children%2F29%2Fchildren%2F1%2Fchildren%2F0%2Fchildren%2F0%2Fchildren%2F2%2Fattributes%2Fcontent: 562f4a8570a05932a525958e57ed0981
    children%2F29%2Fchildren%2F1%2Fchildren%2F0%2Fchildren%2F0%2Fchildren%2F4%2Fattributes%2Fcontent: c870e5d3687077ef69dee17f8cb77935
    children%2F29%2Fchildren%2F2%2Fchildren%2F0%2Fchildren%2F0%2Fchildren%2F0%2Fattributes%2Fcontent: b45950d5c40443d0cbed70a392144cce
    children%2F29%2Fchildren%2F2%2Fchildren%2F0%2Fchildren%2F0%2Fchildren%2F2%2Fattributes%2Fcontent: 31ab1cc9dc28ab9c92729e9d87ee5952
    children%2F30%2Fchildren%2F0%2Fchildren%2F0%2Fattributes%2Fcontent: 6ea82ee7021cfc57c588908d1e76135a
    children%2F31%2Fchildren%2F0%2Fchildren%2F0%2Fchildren%2F0%2Fchildren%2F1%2Fattributes%2Fcontent: 9d24fe52b5eb5b9a9eda48e215a48841
    children%2F31%2Fchildren%2F0%2Fchildren%2F1%2Fchildren%2F0%2Fchildren%2F1%2Fattributes%2Fcontent: bd16b1ff4a11ed94852bab39bfe6295b
    children%2F31%2Fchildren%2F0%2Fchildren%2F2%2Fchildren%2F0%2Fchildren%2F1%2Fattributes%2Fcontent: ea87012c72bcca693c27271871078a2b
    children%2F33%2Fchildren%2F0%2Fchildren%2F0%2Fchildren%2F0%2Fattributes%2Fcontent: 6e0edffeb7670f35fa01fffdb7545fc2
    children%2F33%2Fchildren%2F0%2Fchildren%2F1%2Fattributes%2Fcontent: 95c9007321eb247168f258478286efaf
    children%2F33%2Fchildren%2F0%2Fchildren%2F2%2Fchildren%2F0%2Fattributes%2Fcontent: 2b1fdad200b0976360020378f6046de6
    children%2F33%2Fchildren%2F0%2Fchildren%2F3%2Fattributes%2Fcontent: ab37acf1451ed0f8299a4d0f3d0e778a
    children%2F34%2Fchildren%2F0%2Fchildren%2F0%2Fchildren%2F0%2Fattributes%2Fcontent: c7c3a47f8b230ce7a43f3c090f21d683
    children%2F34%2Fchildren%2F0%2Fchildren%2F1%2Fattributes%2Fcontent: 5e95f140b05c64f7f30ea8e166813d90
    children%2F35%2Fchildren%2F0%2Fchildren%2F0%2Fchildren%2F0%2Fattributes%2Fcontent: 126d036fae5fb6b629728ecb97e6195b
    children%2F35%2Fchildren%2F0%2Fchildren%2F1%2Fattributes%2Fcontent: 7b1826b173cb8e333b84c854f3a77343
    children%2F35%2Fchildren%2F0%2Fchildren%2F3%2Fattributes%2Fcontent: 47d9587ba05fe4f216306122275b2aaf
