version: 1
checksums:
  eed9ef23a605b747d38b8916cee1d500:
    md-section-0: 3ce5bea27e081394b2edfb6a6541329c
    md-section-1: eca5455b74240490ddc615c377431529
    md-section-2: 9f35c26c55f7f03f74c2538958eff9aa
    md-section-3: 30d4e3d8e891ab14418ef1f0601d3a77
    md-section-4: 51adf33450cab2ef392e93147386647c
    md-section-5: 29db76d91b65d5d5dac00fadb2d97ff2
    md-section-6: e1e80cac5de38ddfa056f873b988aacf
    md-section-7: f7ba52f3f9b647e5d04d10a6d376afeb
    md-section-8: c668e054b36592c28194743c2a7f22cb
    md-section-9: 429f050f0b93a77108eb77f72ada05e6
    md-section-10: 51adf33450cab2ef392e93147386647c
    md-section-11: c803e2b31fe79944e27a4d83c9397027
    fm-attr-title: 2f7c14d4698844682eed4dc2d0c619f6
    fm-attr-description: 44668406f835fc070ed2376ebb6c0018
    fm-attr-author: 24adca307edd7a50ec2392578734c2d9
    fm-attr-tags: 996623042d57192c8c2c948bfdbedeba
