version: 1
checksums:
  2c327fc96aab4ff19e6960618477b01a:
    0#0.44-3.32#1: 130cb096c02f2a8413a8851d4aeda5cc
    1#3.32-4.88#2: 731348c43b7d4cb20f2f29dd0847517e
    2#4.88-7.44#3: f3e76b6223817d604e4d64e811febb0c
    3#7.44-8.84#4: 3e3d6bb47b70525ab0c2dc3ea3879a7f
    4#9.44-15.5#5: 9c450839fc84b0230ee3c2c84171334e
    5#15.92-21.3#6: 74b9716cbf27e0d3d13bd8bee6ab0add
    6#21.3-22.68#7: 227e16d94eb469237c9e7754d452a3ef
    7#23.2-24.14#8: 1e0893f62ce0f691a627a60394639de5
    8#24.14-25.28#9: eef790aff57d09b6a35ca76b2e3ddb93
    9#25.62-26.94#10: 17881aa70a31511e9e592f67209d87ca
    10#27.12-28.34#11: 9f0f667e517b6eba3e793cf02d4df312
    11#28.62-29.24#12: e8f90ac5d72c20e50877329fdf89f461
  33332a23b184ac3f959db3b3ef9c7a65:
    meta/title: 02cdab7a5f8ac497b77ce7c2e9000c4b
    meta/description: 540ea09768761b9d3b2d49659b1c50f3
  117ff786a387334c6fcca6bfc808051a:
    md-section-0: 9a5a9e055ceaed2284c0da5e8b76ba71
    md-section-1: bc1900b5e90b9ab38b1acb0afb8f72e9
    md-section-2: 164166a45676594f26d8c1967a25169d
    md-section-3: ae79d90ed340af9e7830c7c20d89573b
    md-section-4: 6c29d232dc24f9ce0682f15a0506e326
    md-section-5: 415df1d1baf4db9fdd9437f10db71e92
    md-section-6: e0ca393d485b109af742440a1d1781d7
    md-section-7: 9e5a786192608844493dfbb6e4100886
    md-section-8: 2246b87a58aadf24e59944e5c88ea8a8
    md-section-9: 8cc98d9facdc03399c591f3ea2932e82
    md-section-10: e6037196e94a97705d515b57f086b3d6
    md-section-11: 90d70cbdec064800b09728d871e1110e
    md-section-12: 3a10331a512a76ed97f322f17a798fa3
    md-section-13: 53e37c2cba4bcd77c136dd6d0719cb9a
    md-section-14: ae156a5f6d3a3ae584a10e954822721b
    md-section-15: 397f3c65d35593ee9ce05ebccf163a9e
    md-section-16: e756ba9417ef36957cce11c4b3780382
    md-section-17: edd93824b53cc7081b8bf8769f4909cf
    md-section-18: a86075e987964f0881f4475c2cd5efaa
    md-section-19: ecd571818ddf3d31b08b80a25958a662
    md-section-20: 08ae11e829106c4424554c787ff5cfb7
    md-section-21: f8c2f53155acc08b4ced42864d396221
    md-section-22: e97b1a85523f86ea6836ba8585241962
