version: 1
checksums:
  c0001027bc43a90fe59344ea57847e7a:
    welcome_message: 1308168cca4fa5d8d7a0cf24e55e93fc
    login_button: 0029e5a35676c0051e761fcd046ef9ee
    error_message: d636a338d9a5a0ad38184ee94a342833
    user_profile_title: bee775ff7216747b2111e93cefa57ddc
    quote_example: c519c83fe2629c0e9a6e7a14f64b6317
    newline_example: ae9313a2231a16f17e2367a4e5b322ee
    backslash_example: acf69a7273edf9f932f66027f699bbbe
    settings_title: 101978cd701b1a06306bbb465f0ff29e
    save_button: d895276cde226e9225eca1e74aa799f4
