version: 1
checksums:
  77624f597c2092ea61483d71313398c3:
    meta/title: 3d466e72adbd64aec260a33ab40c66e0
    meta/summary: 5e2437bda4bb745328b74e7536c5e2bc
    meta/author: 5cc899158b9a4b8e2a6abaf26c498786
    content/0: c97dcf52430d0b6ceaa5e8c54da6a123
    content/1: 6308d0b5d9ccb3d47263b1073857d7a5
    content/2: 6ed1a07128a8f62e92754b9366c15733
    content/3: ffdfd1c29699de1202d6e9c2fe40ca19
    content/4: cb8590c0da13e373e41a3c45110db7f7
    content/5: d09b811661a3477457978754e08ab73c
    content/6: 90d6872f0354507f83e69969e07a2379
    content/7: 708ce864e329423462c8e387613e4211
    content/8: 0c46c9c081224173cbf86307463e61bd
    content/9: 43f5f4274c6ea32d5f44a93cdd48038b
    content/10: a1b48aedb1d7a5e4b220f4af24935621
    content/11: 9f5e46feb6d19fd4d825bf440e6d90e3
    content/12: 5ab65edb2215ca64c3cd762ea8d4d4a1
    content/13: 78044c30cb25038ad514d515998c025c
    content/14: 6d4a783680382cffaa1a6b6f915446fd
    content/15: 1ad8bf8b4eceae635a46033cc9be8cc2
    content/16: f5fc6f2de0af848581b7816c5f0eed92
    content/17: 748aeea4e1b6992e1c4312dd468f2d9f
    content/18: 1e3b98536114408d0b0e132603292d84
    content/19: f0d0a0772f66fb81999316e968784fff
    content/20: 7ab161b2d7f0ad4b7bf9b2bf7e885f7f
    content/21: e0990c915cc3685d36c2f6d8a8b604b2
    content/22: 48abaa9e154fd09c65976bc356e10fdf
    content/23: d88b1d340487695ed42f06ea3b384d25
    content/24: 68f9b9a8335ea04f629bbabbc1bddc6b
    content/25: 9191c0a544b6bff2cc0d88a6ee015562
    content/26: a018089431ab81d8e3eb650d48cb0891
    content/27: 6568cae194e6b02e3473e2f03ce7a99b
    content/28: b503050df4b5d39f8793a78428f043a3
    content/29: 57efa401f62a370e0994ffa54f432a51
    content/30: 71f582e9536f97187a11aed7667b6b25
    content/31: bc0f428b5020be69ab2f8ffc9b4fd552
    content/32: 0954da1d11fe28875c6fd43d058c3a0b
    content/33: fe7eda6052021e301aa2109a632d79f0
    content/34: b4e2d48485d16402bf1d64dfd0f87e54
    content/35: 1e01a3fd453ec5420291101ec6dca074
    content/36: fe0e531d5aed6c3a5459482ebd2717db
    content/37: 627582b6be6c0e24db4e31ea8d66407a
    content/38: 4ac36375a5140dac63c4071760272d20
    content/39: f199b53e2ac104fa6c2582677b5e5ffa
    content/40: 616c3cc0b38a55dbee9dfd3531ac8375
    content/41: 7bce3295a7b3ce13641b99958372429f
    content/42: 08ce8af1dc131aa8d90189f025813b0b
    content/43: 5abbb2be9a09a748f49e1eb86875c221
    content/44: 933e7fa179dbae58c56f8ab83cab3a22
    content/45: db45ce7c3065145d73ee8b15d8c070e1
    content/46: 64cd1a60efd61f94df81966676250035
    content/47: 93ada6c3c5920f86d6b8544fdaa2773f
    content/48: 85125d16017563d88a91daf4343ac90e
    content/49: f428dd5816421f34081250ec13024d32
    content/50: 2e5d72fa29d0b4320731d18f617ce4f0
    content/51: f1090be1fb863412049b30a0deefb7c1
    content/52: 4f6f5aad573cb95f2086b1a6b6caa6a9
    content/53: 1c15a921f24e17488f44c55a2c674c0c
    content/54: 1c4c83f498b8e18eb0dc7fdb867e2533
    content/55: c1b24a1a8c10f444f4e8ba7c7dbe1138
    content/56: 1da2e967020de5e8bd08bc8299ecf3ff
    content/57: c4b3d116f75fe26a4de95d4d2842a8f8
    content/58: dee7a4239dae9df8954df0f68ff51cdf
    content/59: cbb0b336a4814c162f6c61cf9bf48298
    content/60: ad58d0a1da1b87f77fa288fdb399888b
    content/61: 7f33d0a2c4214fae06dfead8e281b1b2
    content/62: 8612edd1fecca3ad2152fb95077a54bb
    content/63: 4f0f7a90b065946674f538f1319fdeee
    content/64: 7105b152e5563abca039fbeaa4f2f24b
    content/65: 7513fedac680d637150e05c220426b27
    content/66: e658e51e8e2aac99445e39844a5d8def
    content/67: b0d131773db2cdf5bfde6b4a0cb8e5a5
    content/68: 863e6116fc41df8ad14b07b78dea4cdf
    content/69: 85d9c13554a58ce963f9930430873e8e
    content/70: 9a119ab060475cdb0a597c816da9ab21
    content/71: 4facb91f7007ed2cc224923870555921
    content/72: 51b3713b7f20c841f8c5832cf80eae73
    content/73: 350f2f59aa3d3f3538b1ce499ec639ad
    content/74: 6791f6eaf526eec0fd026e7fb6cf9226
    content/75: f0e9f16aeb3a39f59bab8ddf36678599
    content/76: 423189dd9440b14fdd8e6dbcff7e5e17
    content/77: 135276d473d4149f3222afcf4b9a7095
    content/78: 9088863a51e5c47ffa9feb246f1c3622
    content/79: 7e1338de3c32afd39f923ed63f0a3609
    content/80: 34e3d6e1f4b7e6e21f5ae673dde7f5b8
    content/81: 14e319da1a46e50ce1a71f4fe30c9ff3
    content/82: 260c386d971c3275ddc293bca8ecfc8b
    content/83: 95594f9a695bf4afb55619eb46287972
    content/84: 3af542992184584c638ba7be3deed588
    content/85: d9a93fad68fdc9b43d841cacd1170507
    content/86: 9694f7a46b8854fbf8f3f8ea199177aa
    content/87: 8cfc863780a27ac62a4a2983989e6e84
    content/88: 57113a36d2108692420118fdf28dd654
    content/89: 2bf7d8c57ecf79a0887995b934675620
    content/90: dd61ee8c55ce7c0ed710ffe680b2057f
    content/91: 7fc5365070cca1b21bd905073703e5c7
    content/92: 390764d42face8a98a80ecaeda005dea
    content/93: 7c00667e903214aad3bcb5172980ef8e
    content/94: 7d23f1a511cbfc4ff99c949733e046e7
    content/95: 66c7d69732edbd421f261e581ec1650f
    content/96: 8827a80fb9b5d6c8c5bd5e4907725203
    content/97: eb42d819e8a75398c0f838ebf10d0291
    content/98: bdf86138c391b1b8e498c5058114d80d
    content/99: 5044cd5784c27c71aff91edd17dc1b23
    content/100: c221901449485f4b2b7ca21554ebd2d5
    content/101: ba1053462702674cfedf77dc76c9b84b
    content/102: eef1bf8fee32326562d07cb82dfae122
    content/103: 9ebe8da3ed850d61e66f7dbc179fd55e
    content/104: 37deb40fdeff2174ebaea3681719ea16
    content/105: 13b57cd2648b661b5b0059cf1dfd43aa
    content/106: a2ed53a63528f4e69092c373c567a260
    content/107: 7cb30b33d7694d69988736850f9d451e
    content/108: b2ea789ae947f71339f086b4a921c58e
    content/109: dfc2e5f326ed0c78299e2e5ec1ee593d
    content/110: 8b9f77a13ace3ca80fbe95afeb6a12ae
    content/111: cf1a62cee449c30aedfe8d4740b69895
    content/112: 526ec2e19b9cc88addd6630298d051c0
    content/113: bfa0c042fb9e5424ff663e706f4d6542
    content/114: 9ccf708a26c5cfd147382bb520f296eb
    content/115: 99cd568194e162589f1e597b5a72bcf5
    content/116: c3a0ac987aff1cdbc9e71f12ac2c4225
    content/117: 7a9f9276e90f8349e1d54d64dcd86eb9
    content/118: e4683631a12b40d367e212bcb576f314
    content/119: c34368b6b76a0a6f3712dae43727bac5
    content/120: a049b579345624f4b3c88a516daa4b3e
    content/121: c489d2f8e02ab79265b859923a60fdd9
    content/122: 736d043337c0c776005ccd201d9759ed
    content/123: 13990c2745d99c1ed8c6455fb1566c73
    content/124: 504f7922bb9428e196bcecae5e85799c
    content/125: 5bb87ebebeb8fe36fb0edbf3844d5718
    content/126: d5d6129a2da2d070039f05d16ff69f71
    content/127: 9a1e70482f3798576c9b615f7340e4c4
    content/128: 4feaf678badd23444dabbf1b1a26b2dd
    content/129: 9d85e8b92d87800b1e86f5fef5af90ab
    content/130: e0657a0b0e51b136f813a30d910eaa8d
    content/131: e1f19edda44618f049c1bfc4373e9e3a
    content/132: e931c2d89bffe55d1c5cecca1fdc33c6
    content/133: 7d85dafaac24d69dd091ea4690212c4d
    content/134: dcb505e3ba446a842a52d5e4c1bf81ac
    content/135: 2ae8a12ebfc6612cb769c28cb4439f63
    content/136: f01063aa044e7d728fa70422b2546456
    content/137: 584ff19d9665141e83d5082c15633723
    content/138: be2134876ccd470fbdb9a2c6b3c53933
    content/139: afe3ca9ce337e4f75c9042cee8d279f5
    content/140: 140db12ff0e96d95803cee9de99454fd
    content/141: b4c31983b0426d43c50b90c205db7dbe
    content/142: 591914d79f46478067ec1539a020a1bd
    content/143: b928caffe1bc63e03cdd9dad236eec14
    content/144: 4132364d10a1fc1b578ba66d860f920e
    content/145: e5be8069f85bffa902b45a20c542b951
    content/146: f81ad0e547ff9e651830dde871767d0b
    content/147: a6dab10268b2fc0236fa6ffbeee5bff8
    content/148: 1d26a45f5a4d4df59c93e8f9acbf211e
    content/149: 65180d4f728f559053ec9c165a6d7eff
    content/150: 71dec662b83c17e35c88ba9eb32d2f5f
    content/151: 09136ad0618037d38a7c4c08c5af4621
    content/152: 11cfcee16e724a77a87810d728a7319c
    content/153: 58ba3d7ac2f856d6bd1808ce67fedae9
