version: 1
checksums:
  92a8f5311bd12c3e432223e559e69335:
    order.shipped: 0d8a81c16474d6fa6e9314664060c1c7
    user.welcome: 8778dc41547a2778d0f9482da989fc00
  f3d4d199d0f82da4dc38646eb71f55ca:
    order.shipped: 0d8a81c16474d6fa6e9314664060c1c7
    user.welcome: 8778dc41547a2778d0f9482da989fc00
