version: 1
checksums:
  21b99a2aea148b309f95ec2c966d326c:
    text_0: 69eb28c44f7168b1df0455ad2a62588c
    text_1: bff335b01588a8db802bd193c725ec11
    text_2: 0744639a7ac440afe0d792ea79c54512
    text_3: b4cc462fb3a00d2f60deefe548c10a33
    text_4: c4b48abe2f88db47c4e64c252e25861b
    text_5: ef2afd69a25bd8980d37c703286d3f15
    text_6: 5e8497af456decf6cf716c0a23f1dbc2
    text_7: d572e25ed81420669e65c03925da1001
    text_8: 2cf6537fb69cdd2eb030e55bf4223b93
    text_9: ec7b8f314fe9bc6591006707484ede61
    text_10: c2460fb2a7887fdf2d68db2b553a4338
    text_11: 3abe623951250bd24a9d7799415761ab
    text_12: 988be328b82702586f2cd541858710fe
    text_13: bc94d35ae4e724da2907e853e32af9ca
