version: 1
checksums:
  0d5b5aa6d2b9937d47fd63868ef9e9f6:
    meta/title: 54c8ae8c69ce8ef4be04db4e839f976c
    meta/description: 44668406f835fc070ed2376ebb6c0018
    meta/author: f3f7164b5963b4da6cd31a2ec0251630
    content/0: 28dbd09b12c92288b81effd15f0622a3
    content/1: ded4e3ddc3a4adb8c3fa02e951f6ba2b
    content/2: 2a09a90206cfffeb4b339095f2027095
    content/3: ce4c778213d91f99c6a2c95a474bb127
    content/4: c0d21e714722471ec00b0ab5cec6953b
    content/5: 33bbf7e2ec81321dc865caea0b452506
    content/6: 0c17f8263f589ff33d611fbe196f91b4
    content/7: c33a74942f5d51721f1fbced2998df30
    content/8: 35fad3389f6bc0d9c4d11742c7db8530
    content/9: 1a983afeb214a4e8460eeb199a3b799b
    content/10: 9e80d2e8c4bdc8a4034cf2ffad7be594
    content/11: 2966b43f6423d3cc48b3bcb133e4435d
    content/12: 5a3aa58dec7b43b6f6b54586b18ea295
    content/13: 34d5cb3dff1414611a4bff9abc79aecf
    content/14: 9020710a632d513b1da7f20122d4e47c
    content/15: 1859d1a22ddc85c7f9348ec1373a5d65
    content/16: 65534d0f72f10ea61c852fd2498250a5
    content/17: 13cbd7652d5fecf7d7e45f727e4be23b
    content/18: eff34ce8e808b22b3cae95547c554e68
